// !$*UTF8*$!
{
	archiveVersion = 1;
	classes = {
	};
	objectVersion = 46;
	objects = {

/* Begin PBXBuildFile section */
		F4F0F1771E3897B00040248C /* AppDelegate.swift in Sources */ = {isa = PBXBuildFile; fileRef = F4F0F1761E3897B00040248C /* AppDelegate.swift */; };
		F4F0F1791E3897B00040248C /* ChecklistViewController.swift in Sources */ = {isa = PBXBuildFile; fileRef = F4F0F1781E3897B00040248C /* ChecklistViewController.swift */; };
		F4F0F17C1E3897B00040248C /* Main.storyboard in Resources */ = {isa = PBXBuildFile; fileRef = F4F0F17A1E3897B00040248C /* Main.storyboard */; };
		F4F0F17E1E3897B00040248C /* Assets.xcassets in Resources */ = {isa = PBXBuildFile; fileRef = F4F0F17D1E3897B00040248C /* Assets.xcassets */; };
		F4F0F1811E3897B00040248C /* LaunchScreen.storyboard in Resources */ = {isa = PBXBuildFile; fileRef = F4F0F17F1E3897B00040248C /* LaunchScreen.storyboard */; };
		F4F0F18C1E3897B00040248C /* itodoTests.swift in Sources */ = {isa = PBXBuildFile; fileRef = F4F0F18B1E3897B00040248C /* itodoTests.swift */; };
		F4F0F1971E3897B00040248C /* itodoUITests.swift in Sources */ = {isa = PBXBuildFile; fileRef = F4F0F1961E3897B00040248C /* itodoUITests.swift */; };
		F4F0F1A51E389A730040248C /* ChecklistItem.swift in Sources */ = {isa = PBXBuildFile; fileRef = F4F0F1A41E389A730040248C /* ChecklistItem.swift */; };
		F4F0F1A71E389A880040248C /* AddItemViewController.swift in Sources */ = {isa = PBXBuildFile; fileRef = F4F0F1A61E389A880040248C /* AddItemViewController.swift */; };
/* End PBXBuildFile section */

/* Begin PBXContainerItemProxy section */
		F4F0F1881E3897B00040248C /* PBXContainerItemProxy */ = {
			isa = PBXContainerItemProxy;
			containerPortal = F4F0F16B1E3897B00040248C /* Project object */;
			proxyType = 1;
			remoteGlobalIDString = F4F0F1721E3897B00040248C;
			remoteInfo = itodo;
		};
		F4F0F1931E3897B00040248C /* PBXContainerItemProxy */ = {
			isa = PBXContainerItemProxy;
			containerPortal = F4F0F16B1E3897B00040248C /* Project object */;
			proxyType = 1;
			remoteGlobalIDString = F4F0F1721E3897B00040248C;
			remoteInfo = itodo;
		};
/* End PBXContainerItemProxy section */

/* Begin PBXFileReference section */
		F4F0F1731E3897B00040248C /* itodo.app */ = {isa = PBXFileReference; explicitFileType = wrapper.application; includeInIndex = 0; path = itodo.app; sourceTree = BUILT_PRODUCTS_DIR; };
		F4F0F1761E3897B00040248C /* AppDelegate.swift */ = {isa = PBXFileReference; lastKnownFileType = sourcecode.swift; path = AppDelegate.swift; sourceTree = "<group>"; };
		F4F0F1781E3897B00040248C /* ChecklistViewController.swift */ = {isa = PBXFileReference; lastKnownFileType = sourcecode.swift; path = ChecklistViewController.swift; sourceTree = "<group>"; };
		F4F0F17B1E3897B00040248C /* Base */ = {isa = PBXFileReference; lastKnownFileType = file.storyboard; name = Base; path = Base.lproj/Main.storyboard; sourceTree = "<group>"; };
		F4F0F17D1E3897B00040248C /* Assets.xcassets */ = {isa = PBXFileReference; lastKnownFileType = folder.assetcatalog; path = Assets.xcassets; sourceTree = "<group>"; };
		F4F0F1801E3897B00040248C /* Base */ = {isa = PBXFileReference; lastKnownFileType = file.storyboard; name = Base; path = Base.lproj/LaunchScreen.storyboard; sourceTree = "<group>"; };
		F4F0F1821E3897B00040248C /* Info.plist */ = {isa = PBXFileReference; lastKnownFileType = text.plist.xml; path = Info.plist; sourceTree = "<group>"; };
		F4F0F1871E3897B00040248C /* itodoTests.xctest */ = {isa = PBXFileReference; explicitFileType = wrapper.cfbundle; includeInIndex = 0; path = itodoTests.xctest; sourceTree = BUILT_PRODUCTS_DIR; };
		F4F0F18B1E3897B00040248C /* itodoTests.swift */ = {isa = PBXFileReference; lastKnownFileType = sourcecode.swift; path = itodoTests.swift; sourceTree = "<group>"; };
		F4F0F18D1E3897B00040248C /* Info.plist */ = {isa = PBXFileReference; lastKnownFileType = text.plist.xml; path = Info.plist; sourceTree = "<group>"; };
		F4F0F1921E3897B00040248C /* itodoUITests.xctest */ = {isa = PBXFileReference; explicitFileType = wrapper.cfbundle; includeInIndex = 0; path = itodoUITests.xctest; sourceTree = BUILT_PRODUCTS_DIR; };
		F4F0F1961E3897B00040248C /* itodoUITests.swift */ = {isa = PBXFileReference; lastKnownFileType = sourcecode.swift; path = itodoUITests.swift; sourceTree = "<group>"; };
		F4F0F1981E3897B00040248C /* Info.plist */ = {isa = PBXFileReference; lastKnownFileType = text.plist.xml; path = Info.plist; sourceTree = "<group>"; };
		F4F0F1A41E389A730040248C /* ChecklistItem.swift */ = {isa = PBXFileReference; fileEncoding = 4; lastKnownFileType = sourcecode.swift; path = ChecklistItem.swift; sourceTree = "<group>"; };
		F4F0F1A61E389A880040248C /* AddItemViewController.swift */ = {isa = PBXFileReference; fileEncoding = 4; lastKnownFileType = sourcecode.swift; path = AddItemViewController.swift; sourceTree = "<group>"; };
/* End PBXFileReference section */

/* Begin PBXFrameworksBuildPhase section */
		F4F0F1701E3897B00040248C /* Frameworks */ = {
			isa = PBXFrameworksBuildPhase;
			buildActionMask = 2147483647;
			files = (
			);
			runOnlyForDeploymentPostprocessing = 0;
		};
		F4F0F1841E3897B00040248C /* Frameworks */ = {
			isa = PBXFrameworksBuildPhase;
			buildActionMask = 2147483647;
			files = (
			);
			runOnlyForDeploymentPostprocessing = 0;
		};
		F4F0F18F1E3897B00040248C /* Frameworks */ = {
			isa = PBXFrameworksBuildPhase;
			buildActionMask = 2147483647;
			files = (
			);
			runOnlyForDeploymentPostprocessing = 0;
		};
/* End PBXFrameworksBuildPhase section */

/* Begin PBXGroup section */
		F4F0F16A1E3897B00040248C = {
			isa = PBXGroup;
			children = (
				F4F0F1751E3897B00040248C /* itodo */,
				F4F0F18A1E3897B00040248C /* itodoTests */,
				F4F0F1951E3897B00040248C /* itodoUITests */,
				F4F0F1741E3897B00040248C /* Products */,
			);
			sourceTree = "<group>";
		};
		F4F0F1741E3897B00040248C /* Products */ = {
			isa = PBXGroup;
			children = (
				F4F0F1731E3897B00040248C /* itodo.app */,
				F4F0F1871E3897B00040248C /* itodoTests.xctest */,
				F4F0F1921E3897B00040248C /* itodoUITests.xctest */,
			);
			name = Products;
			sourceTree = "<group>";
		};
		F4F0F1751E3897B00040248C /* itodo */ = {
			isa = PBXGroup;
			children = (
				F4F0F1761E3897B00040248C /* AppDelegate.swift */,
				F4F0F1781E3897B00040248C /* ChecklistViewController.swift */,
				F4F0F17A1E3897B00040248C /* Main.storyboard */,
				F4F0F17D1E3897B00040248C /* Assets.xcassets */,
				F4F0F17F1E3897B00040248C /* LaunchScreen.storyboard */,
				F4F0F1821E3897B00040248C /* Info.plist */,
				F4F0F1A41E389A730040248C /* ChecklistItem.swift */,
				F4F0F1A61E389A880040248C /* AddItemViewController.swift */,
			);
			path = itodo;
			sourceTree = "<group>";
		};
		F4F0F18A1E3897B00040248C /* itodoTests */ = {
			isa = PBXGroup;
			children = (
				F4F0F18B1E3897B00040248C /* itodoTests.swift */,
				F4F0F18D1E3897B00040248C /* Info.plist */,
			);
			path = itodoTests;
			sourceTree = "<group>";
		};
		F4F0F1951E3897B00040248C /* itodoUITests */ = {
			isa = PBXGroup;
			children = (
				F4F0F1961E3897B00040248C /* itodoUITests.swift */,
				F4F0F1981E3897B00040248C /* Info.plist */,
			);
			path = itodoUITests;
			sourceTree = "<group>";
		};
/* End PBXGroup section */

/* Begin PBXNativeTarget section */
		F4F0F1721E3897B00040248C /* itodo */ = {
			isa = PBXNativeTarget;
			buildConfigurationList = F4F0F19B1E3897B00040248C /* Build configuration list for PBXNativeTarget "itodo" */;
			buildPhases = (
				F4F0F16F1E3897B00040248C /* Sources */,
				F4F0F1701E3897B00040248C /* Frameworks */,
				F4F0F1711E3897B00040248C /* Resources */,
			);
			buildRules = (
			);
			dependencies = (
			);
			name = itodo;
			productName = itodo;
			productReference = F4F0F1731E3897B00040248C /* itodo.app */;
			productType = "com.apple.product-type.application";
		};
		F4F0F1861E3897B00040248C /* itodoTests */ = {
			isa = PBXNativeTarget;
			buildConfigurationList = F4F0F19E1E3897B00040248C /* Build configuration list for PBXNativeTarget "itodoTests" */;
			buildPhases = (
				F4F0F1831E3897B00040248C /* Sources */,
				F4F0F1841E3897B00040248C /* Frameworks */,
				F4F0F1851E3897B00040248C /* Resources */,
			);
			buildRules = (
			);
			dependencies = (
				F4F0F1891E3897B00040248C /* PBXTargetDependency */,
			);
			name = itodoTests;
			productName = itodoTests;
			productReference = F4F0F1871E3897B00040248C /* itodoTests.xctest */;
			productType = "com.apple.product-type.bundle.unit-test";
		};
		F4F0F1911E3897B00040248C /* itodoUITests */ = {
			isa = PBXNativeTarget;
			buildConfigurationList = F4F0F1A11E3897B00040248C /* Build configuration list for PBXNativeTarget "itodoUITests" */;
			buildPhases = (
				F4F0F18E1E3897B00040248C /* Sources */,
				F4F0F18F1E3897B00040248C /* Frameworks */,
				F4F0F1901E3897B00040248C /* Resources */,
			);
			buildRules = (
			);
			dependencies = (
				F4F0F1941E3897B00040248C /* PBXTargetDependency */,
			);
			name = itodoUITests;
			productName = itodoUITests;
			productReference = F4F0F1921E3897B00040248C /* itodoUITests.xctest */;
			productType = "com.apple.product-type.bundle.ui-testing";
		};
/* End PBXNativeTarget section */

/* Begin PBXProject section */
		F4F0F16B1E3897B00040248C /* Project object */ = {
			isa = PBXProject;
			attributes = {
				LastSwiftUpdateCheck = 0820;
				LastUpgradeCheck = 0820;
				ORGANIZATIONNAME = "Zoho Corp";
				TargetAttributes = {
					F4F0F1721E3897B00040248C = {
						CreatedOnToolsVersion = 8.2.1;
						DevelopmentTeam = K4SELTG2HF;
						ProvisioningStyle = Automatic;
					};
					F4F0F1861E3897B00040248C = {
						CreatedOnToolsVersion = 8.2.1;
						DevelopmentTeam = K4SELTG2HF;
						ProvisioningStyle = Automatic;
						TestTargetID = F4F0F1721E3897B00040248C;
					};
					F4F0F1911E3897B00040248C = {
						CreatedOnToolsVersion = 8.2.1;
						DevelopmentTeam = K4SELTG2HF;
						ProvisioningStyle = Automatic;
						TestTargetID = F4F0F1721E3897B00040248C;
					};
				};
			};
			buildConfigurationList = F4F0F16E1E3897B00040248C /* Build configuration list for PBXProject "itodo" */;
			compatibilityVersion = "Xcode 3.2";
			developmentRegion = English;
			hasScannedForEncodings = 0;
			knownRegions = (
				en,
				Base,
			);
			mainGroup = F4F0F16A1E3897B00040248C;
			productRefGroup = F4F0F1741E3897B00040248C /* Products */;
			projectDirPath = "";
			projectRoot = "";
			targets = (
				F4F0F1721E3897B00040248C /* itodo */,
				F4F0F1861E3897B00040248C /* itodoTests */,
				F4F0F1911E3897B00040248C /* itodoUITests */,
			);
		};
/* End PBXProject section */

/* Begin PBXResourcesBuildPhase section */
		F4F0F1711E3897B00040248C /* Resources */ = {
			isa = PBXResourcesBuildPhase;
			buildActionMask = 2147483647;
			files = (
				F4F0F1811E3897B00040248C /* LaunchScreen.storyboard in Resources */,
				F4F0F17E1E3897B00040248C /* Assets.xcassets in Resources */,
				F4F0F17C1E3897B00040248C /* Main.storyboard in Resources */,
			);
			runOnlyForDeploymentPostprocessing = 0;
		};
		F4F0F1851E3897B00040248C /* Resources */ = {
			isa = PBXResourcesBuildPhase;
			buildActionMask = 2147483647;
			files = (
			);
			runOnlyForDeploymentPostprocessing = 0;
		};
		F4F0F1901E3897B00040248C /* Resources */ = {
			isa = PBXResourcesBuildPhase;
			buildActionMask = 2147483647;
			files = (
			);
			runOnlyForDeploymentPostprocessing = 0;
		};
/* End PBXResourcesBuildPhase section */

/* Begin PBXSourcesBuildPhase section */
		F4F0F16F1E3897B00040248C /* Sources */ = {
			isa = PBXSourcesBuildPhase;
			buildActionMask = 2147483647;
			files = (
				F4F0F1791E3897B00040248C /* ChecklistViewController.swift in Sources */,
				F4F0F1A71E389A880040248C /* AddItemViewController.swift in Sources */,
				F4F0F1A51E389A730040248C /* ChecklistItem.swift in Sources */,
				F4F0F1771E3897B00040248C /* AppDelegate.swift in Sources */,
			);
			runOnlyForDeploymentPostprocessing = 0;
		};
		F4F0F1831E3897B00040248C /* Sources */ = {
			isa = PBXSourcesBuildPhase;
			buildActionMask = 2147483647;
			files = (
				F4F0F18C1E3897B00040248C /* itodoTests.swift in Sources */,
			);
			runOnlyForDeploymentPostprocessing = 0;
		};
		F4F0F18E1E3897B00040248C /* Sources */ = {
			isa = PBXSourcesBuildPhase;
			buildActionMask = 2147483647;
			files = (
				F4F0F1971E3897B00040248C /* itodoUITests.swift in Sources */,
			);
			runOnlyForDeploymentPostprocessing = 0;
		};
/* End PBXSourcesBuildPhase section */

/* Begin PBXTargetDependency section */
		F4F0F1891E3897B00040248C /* PBXTargetDependency */ = {
			isa = PBXTargetDependency;
			target = F4F0F1721E3897B00040248C /* itodo */;
			targetProxy = F4F0F1881E3897B00040248C /* PBXContainerItemProxy */;
		};
		F4F0F1941E3897B00040248C /* PBXTargetDependency */ = {
			isa = PBXTargetDependency;
			target = F4F0F1721E3897B00040248C /* itodo */;
			targetProxy = F4F0F1931E3897B00040248C /* PBXContainerItemProxy */;
		};
/* End PBXTargetDependency section */

/* Begin PBXVariantGroup section */
		F4F0F17A1E3897B00040248C /* Main.storyboard */ = {
			isa = PBXVariantGroup;
			children = (
				F4F0F17B1E3897B00040248C /* Base */,
			);
			name = Main.storyboard;
			sourceTree = "<group>";
		};
		F4F0F17F1E3897B00040248C /* LaunchScreen.storyboard */ = {
			isa = PBXVariantGroup;
			children = (
				F4F0F1801E3897B00040248C /* Base */,
			);
			name = LaunchScreen.storyboard;
			sourceTree = "<group>";
		};
/* End PBXVariantGroup section */

/* Begin XCBuildConfiguration section */
		F4F0F1991E3897B00040248C /* Debug */ = {
			isa = XCBuildConfiguration;
			buildSettings = {
				ALWAYS_SEARCH_USER_PATHS = NO;
				CLANG_ANALYZER_NONNULL = YES;
				CLANG_CXX_LANGUAGE_STANDARD = "gnu++0x";
				CLANG_CXX_LIBRARY = "libc++";
				CLANG_ENABLE_MODULES = YES;
				CLANG_ENABLE_OBJC_ARC = YES;
				CLANG_WARN_BOOL_CONVERSION = YES;
				CLANG_WARN_CONSTANT_CONVERSION = YES;
				CLANG_WARN_DIRECT_OBJC_ISA_USAGE = YES_ERROR;
				CLANG_WARN_DOCUMENTATION_COMMENTS = YES;
				CLANG_WARN_EMPTY_BODY = YES;
				CLANG_WARN_ENUM_CONVERSION = YES;
				CLANG_WARN_INFINITE_RECURSION = YES;
				CLANG_WARN_INT_CONVERSION = YES;
				CLANG_WARN_OBJC_ROOT_CLASS = YES_ERROR;
				CLANG_WARN_SUSPICIOUS_MOVE = YES;
				CLANG_WARN_UNREACHABLE_CODE = YES;
				CLANG_WARN__DUPLICATE_METHOD_MATCH = YES;
				"CODE_SIGN_IDENTITY[sdk=iphoneos*]" = "iPhone Developer";
				COPY_PHASE_STRIP = NO;
				DEBUG_INFORMATION_FORMAT = dwarf;
				ENABLE_STRICT_OBJC_MSGSEND = YES;
				ENABLE_TESTABILITY = YES;
				GCC_C_LANGUAGE_STANDARD = gnu99;
				GCC_DYNAMIC_NO_PIC = NO;
				GCC_NO_COMMON_BLOCKS = YES;
				GCC_OPTIMIZATION_LEVEL = 0;
				GCC_PREPROCESSOR_DEFINITIONS = (
					"DEBUG=1",
					"$(inherited)",
				);
				GCC_WARN_64_TO_32_BIT_CONVERSION = YES;
				GCC_WARN_ABOUT_RETURN_TYPE = YES_ERROR;
				GCC_WARN_UNDECLARED_SELECTOR = YES;
				GCC_WARN_UNINITIALIZED_AUTOS = YES_AGGRESSIVE;
				GCC_WARN_UNUSED_FUNCTION = YES;
				GCC_WARN_UNUSED_VARIABLE = YES;
				IPHONEOS_DEPLOYMENT_TARGET = 10.2;
				MTL_ENABLE_DEBUG_INFO = YES;
				ONLY_ACTIVE_ARCH = YES;
				SDKROOT = iphoneos;
				SWIFT_ACTIVE_COMPILATION_CONDITIONS = DEBUG;
				SWIFT_OPTIMIZATION_LEVEL = "-Onone";
				TARGETED_DEVICE_FAMILY = "1,2";
			};
			name = Debug;
		};
		F4F0F19A1E3897B00040248C /* Release */ = {
			isa = XCBuildConfiguration;
			buildSettings = {
				ALWAYS_SEARCH_USER_PATHS = NO;
				CLANG_ANALYZER_NONNULL = YES;
				CLANG_CXX_LANGUAGE_STANDARD = "gnu++0x";
				CLANG_CXX_LIBRARY = "libc++";
				CLANG_ENABLE_MODULES = YES;
				CLANG_ENABLE_OBJC_ARC = YES;
				CLANG_WARN_BOOL_CONVERSION = YES;
				CLANG_WARN_CONSTANT_CONVERSION = YES;
				CLANG_WARN_DIRECT_OBJC_ISA_USAGE = YES_ERROR;
				CLANG_WARN_DOCUMENTATION_COMMENTS = YES;
				CLANG_WARN_EMPTY_BODY = YES;
				CLANG_WARN_ENUM_CONVERSION = YES;
				CLANG_WARN_INFINITE_RECURSION = YES;
				CLANG_WARN_INT_CONVERSION = YES;
				CLANG_WARN_OBJC_ROOT_CLASS = YES_ERROR;
				CLANG_WARN_SUSPICIOUS_MOVE = YES;
				CLANG_WARN_UNREACHABLE_CODE = YES;
				CLANG_WARN__DUPLICATE_METHOD_MATCH = YES;
				"CODE_SIGN_IDENTITY[sdk=iphoneos*]" = "iPhone Developer";
				COPY_PHASE_STRIP = NO;
				DEBUG_INFORMATION_FORMAT = "dwarf-with-dsym";
				ENABLE_NS_ASSERTIONS = NO;
				ENABLE_STRICT_OBJC_MSGSEND = YES;
				GCC_C_LANGUAGE_STANDARD = gnu99;
				GCC_NO_COMMON_BLOCKS = YES;
				GCC_WARN_64_TO_32_BIT_CONVERSION = YES;
				GCC_WARN_ABOUT_RETURN_TYPE = YES_ERROR;
				GCC_WARN_UNDECLARED_SELECTOR = YES;
				GCC_WARN_UNINITIALIZED_AUTOS = YES_AGGRESSIVE;
				GCC_WARN_UNUSED_FUNCTION = YES;
				GCC_WARN_UNUSED_VARIABLE = YES;
				IPHONEOS_DEPLOYMENT_TARGET = 10.2;
				MTL_ENABLE_DEBUG_INFO = NO;
				SDKROOT = iphoneos;
				SWIFT_OPTIMIZATION_LEVEL = "-Owholemodule";
				TARGETED_DEVICE_FAMILY = "1,2";
				VALIDATE_PRODUCT = YES;
			};
			name = Release;
		};
		F4F0F19C1E3897B00040248C /* Debug */ = {
			isa = XCBuildConfiguration;
			buildSettings = {
				ASSETCATALOG_COMPILER_APPICON_NAME = AppIcon;
				DEVELOPMENT_TEAM = K4SELTG2HF;
				INFOPLIST_FILE = itodo/Info.plist;
				LD_RUNPATH_SEARCH_PATHS = "$(inherited) @executable_path/Frameworks";
				PRODUCT_BUNDLE_IDENTIFIER = "-.itodo";
				PRODUCT_NAME = "$(TARGET_NAME)";
				SWIFT_VERSION = 3.0;
			};
			name = Debug;
		};
		F4F0F19D1E3897B00040248C /* Release */ = {
			isa = XCBuildConfiguration;
			buildSettings = {
				ASSETCATALOG_COMPILER_APPICON_NAME = AppIcon;
				DEVELOPMENT_TEAM = K4SELTG2HF;
				INFOPLIST_FILE = itodo/Info.plist;
				LD_RUNPATH_SEARCH_PATHS = "$(inherited) @executable_path/Frameworks";
				PRODUCT_BUNDLE_IDENTIFIER = "-.itodo";
				PRODUCT_NAME = "$(TARGET_NAME)";
				SWIFT_VERSION = 3.0;
			};
			name = Release;
		};
		F4F0F19F1E3897B00040248C /* Debug */ = {
			isa = XCBuildConfiguration;
			buildSettings = {
				ALWAYS_EMBED_SWIFT_STANDARD_LIBRARIES = YES;
				BUNDLE_LOADER = "$(TEST_HOST)";
				DEVELOPMENT_TEAM = K4SELTG2HF;
				INFOPLIST_FILE = itodoTests/Info.plist;
				LD_RUNPATH_SEARCH_PATHS = "$(inherited) @executable_path/Frameworks @loader_path/Frameworks";
				PRODUCT_BUNDLE_IDENTIFIER = "-.itodoTests";
				PRODUCT_NAME = "$(TARGET_NAME)";
				SWIFT_VERSION = 3.0;
				TEST_HOST = "$(BUILT_PRODUCTS_DIR)/itodo.app/itodo";
			};
			name = Debug;
		};
		F4F0F1A01E3897B00040248C /* Release */ = {
			isa = XCBuildConfiguration;
			buildSettings = {
				ALWAYS_EMBED_SWIFT_STANDARD_LIBRARIES = YES;
				BUNDLE_LOADER = "$(TEST_HOST)";
				DEVELOPMENT_TEAM = K4SELTG2HF;
				INFOPLIST_FILE = itodoTests/Info.plist;
				LD_RUNPATH_SEARCH_PATHS = "$(inherited) @executable_path/Frameworks @loader_path/Frameworks";
				PRODUCT_BUNDLE_IDENTIFIER = "-.itodoTests";
				PRODUCT_NAME = "$(TARGET_NAME)";
				SWIFT_VERSION = 3.0;
				TEST_HOST = "$(BUILT_PRODUCTS_DIR)/itodo.app/itodo";
			};
			name = Release;
		};
		F4F0F1A21E3897B00040248C /* Debug */ = {
			isa = XCBuildConfiguration;
			buildSettings = {
				ALWAYS_EMBED_SWIFT_STANDARD_LIBRARIES = YES;
				DEVELOPMENT_TEAM = K4SELTG2HF;
				INFOPLIST_FILE = itodoUITests/Info.plist;
				LD_RUNPATH_SEARCH_PATHS = "$(inherited) @executable_path/Frameworks @loader_path/Frameworks";
				PRODUCT_BUNDLE_IDENTIFIER = "-.itodoUITests";
				PRODUCT_NAME = "$(TARGET_NAME)";
				SWIFT_VERSION = 3.0;
				TEST_TARGET_NAME = itodo;
			};
			name = Debug;
		};
		F4F0F1A31E3897B00040248C /* Release */ = {
			isa = XCBuildConfiguration;
			buildSettings = {
				ALWAYS_EMBED_SWIFT_STANDARD_LIBRARIES = YES;
				DEVELOPMENT_TEAM = K4SELTG2HF;
				INFOPLIST_FILE = itodoUITests/Info.plist;
				LD_RUNPATH_SEARCH_PATHS = "$(inherited) @executable_path/Frameworks @loader_path/Frameworks";
				PRODUCT_BUNDLE_IDENTIFIER = "-.itodoUITests";
				PRODUCT_NAME = "$(TARGET_NAME)";
				SWIFT_VERSION = 3.0;
				TEST_TARGET_NAME = itodo;
			};
			name = Release;
		};
/* End XCBuildConfiguration section */

/* Begin XCConfigurationList section */
		F4F0F16E1E3897B00040248C /* Build configuration list for PBXProject "itodo" */ = {
			isa = XCConfigurationList;
			buildConfigurations = (
				F4F0F1991E3897B00040248C /* Debug */,
				F4F0F19A1E3897B00040248C /* Release */,
			);
			defaultConfigurationIsVisible = 0;
			defaultConfigurationName = Release;
		};
		F4F0F19B1E3897B00040248C /* Build configuration list for PBXNativeTarget "itodo" */ = {
			isa = XCConfigurationList;
			buildConfigurations = (
				F4F0F19C1E3897B00040248C /* Debug */,
				F4F0F19D1E3897B00040248C /* Release */,
			);
			defaultConfigurationIsVisible = 0;
		};
		F4F0F19E1E3897B00040248C /* Build configuration list for PBXNativeTarget "itodoTests" */ = {
			isa = XCConfigurationList;
			buildConfigurations = (
				F4F0F19F1E3897B00040248C /* Debug */,
				F4F0F1A01E3897B00040248C /* Release */,
			);
			defaultConfigurationIsVisible = 0;
		};
		F4F0F1A11E3897B00040248C /* Build configuration list for PBXNativeTarget "itodoUITests" */ = {
			isa = XCConfigurationList;
			buildConfigurations = (
				F4F0F1A21E3897B00040248C /* Debug */,
				F4F0F1A31E3897B00040248C /* Release */,
			);
			defaultConfigurationIsVisible = 0;
		};
/* End XCConfigurationList section */
	};
	rootObject = F4F0F16B1E3897B00040248C /* Project object */;
}
